
Microsoft Visual Studio Solution File, Format Version 12.00
# Visual Studio Version 17
VisualStudioVersion = 17.1.32421.90
MinimumVisualStudioVersion = 10.0.40219.1
Project("{FAE04EC0-301F-11D3-BF4B-00C04F79EFBC}") = "Cartalog", "Cartalog\Cartalog.csproj", "{B9AB2909-9E1D-4560-94E3-9D295514B70F}"
EndProject
Global
	GlobalSection(SolutionConfigurationPlatforms) = preSolution
		Debug|Any CPU = Debug|Any CPU
		Release|Any CPU = Release|Any CPU
	EndGlobalSection
	GlobalSection(ProjectConfigurationPlatforms) = postSolution
		{B9AB2909-9E1D-4560-94E3-9D295514B70F}.Debug|Any CPU.ActiveCfg = Debug|Any CPU
		{B9AB2909-9E1D-4560-94E3-9D295514B70F}.Debug|Any CPU.Build.0 = Debug|Any CPU
		{B9AB2909-9E1D-4560-94E3-9D295514B70F}.Release|Any CPU.ActiveCfg = Release|Any CPU
		{B9AB2909-9E1D-4560-94E3-9D295514B70F}.Release|Any CPU.Build.0 = Release|Any CPU
	EndGlobalSection
	GlobalSection(SolutionProperties) = preSolution
		HideSolutionNode = FALSE
	EndGlobalSection
	GlobalSection(ExtensibilityGlobals) = postSolution
		SolutionGuid = {E44A017B-D81D-4AC0-AA78-7A0E95D87D11}
	EndGlobalSection
EndGlobal
