
Microsoft Visual Studio Solution File, Format Version 12.00
# Visual Studio Version 17
VisualStudioVersion = 17.1.32421.90
MinimumVisualStudioVersion = 10.0.40219.1
Project("{9A19103F-16F7-4668-BE54-9A1E7A4F7556}") = "Cartalog", "Cartalog\Cartalog.csproj", "{B9AB2909-9E1D-4560-94E3-9D295514B70F}"
EndProject
Project("{9A19103F-16F7-4668-BE54-9A1E7A4F7556}") = "Cartalog.Utilities", "Cartalog.Utilities\Cartalog.Utilities.csproj", "{FB561D5B-45D9-47F2-BFEC-176C76C86504}"
EndProject
Project("{9A19103F-16F7-4668-BE54-9A1E7A4F7556}") = "Cartalog.Api", "Cartalog.Api\Cartalog.Api.csproj", "{812279FD-F90A-4458-9A50-D80D13C6E79D}"
EndProject
Project("{9A19103F-16F7-4668-BE54-9A1E7A4F7556}") = "Cartalog.Data", "Cartalog.Data\Cartalog.Data.csproj", "{C8E545E5-A003-4007-B3D3-9FFA709CCCE3}"
EndProject
Project("{E53339B2-1760-4266-BCC7-CA923CBCF16C}") = "docker-compose", "docker-compose.dcproj", "{C80DF224-FE18-4F5C-AA52-BB5EABE16ECB}"
EndProject
Global
	GlobalSection(SolutionConfigurationPlatforms) = preSolution
		Debug|Any CPU = Debug|Any CPU
		Release|Any CPU = Release|Any CPU
	EndGlobalSection
	GlobalSection(ProjectConfigurationPlatforms) = postSolution
		{B9AB2909-9E1D-4560-94E3-9D295514B70F}.Debug|Any CPU.ActiveCfg = Debug|Any CPU
		{B9AB2909-9E1D-4560-94E3-9D295514B70F}.Debug|Any CPU.Build.0 = Debug|Any CPU
		{B9AB2909-9E1D-4560-94E3-9D295514B70F}.Release|Any CPU.ActiveCfg = Release|Any CPU
		{B9AB2909-9E1D-4560-94E3-9D295514B70F}.Release|Any CPU.Build.0 = Release|Any CPU
		{FB561D5B-45D9-47F2-BFEC-176C76C86504}.Debug|Any CPU.ActiveCfg = Debug|Any CPU
		{FB561D5B-45D9-47F2-BFEC-176C76C86504}.Debug|Any CPU.Build.0 = Debug|Any CPU
		{FB561D5B-45D9-47F2-BFEC-176C76C86504}.Release|Any CPU.ActiveCfg = Release|Any CPU
		{FB561D5B-45D9-47F2-BFEC-176C76C86504}.Release|Any CPU.Build.0 = Release|Any CPU
		{812279FD-F90A-4458-9A50-D80D13C6E79D}.Debug|Any CPU.ActiveCfg = Debug|Any CPU
		{812279FD-F90A-4458-9A50-D80D13C6E79D}.Debug|Any CPU.Build.0 = Debug|Any CPU
		{812279FD-F90A-4458-9A50-D80D13C6E79D}.Release|Any CPU.ActiveCfg = Release|Any CPU
		{812279FD-F90A-4458-9A50-D80D13C6E79D}.Release|Any CPU.Build.0 = Release|Any CPU
		{C8E545E5-A003-4007-B3D3-9FFA709CCCE3}.Debug|Any CPU.ActiveCfg = Debug|Any CPU
		{C8E545E5-A003-4007-B3D3-9FFA709CCCE3}.Debug|Any CPU.Build.0 = Debug|Any CPU
		{C8E545E5-A003-4007-B3D3-9FFA709CCCE3}.Release|Any CPU.ActiveCfg = Release|Any CPU
		{C8E545E5-A003-4007-B3D3-9FFA709CCCE3}.Release|Any CPU.Build.0 = Release|Any CPU
		{C80DF224-FE18-4F5C-AA52-BB5EABE16ECB}.Debug|Any CPU.ActiveCfg = Debug|Any CPU
		{C80DF224-FE18-4F5C-AA52-BB5EABE16ECB}.Debug|Any CPU.Build.0 = Debug|Any CPU
		{C80DF224-FE18-4F5C-AA52-BB5EABE16ECB}.Release|Any CPU.ActiveCfg = Release|Any CPU
		{C80DF224-FE18-4F5C-AA52-BB5EABE16ECB}.Release|Any CPU.Build.0 = Release|Any CPU
	EndGlobalSection
	GlobalSection(SolutionProperties) = preSolution
		HideSolutionNode = FALSE
	EndGlobalSection
	GlobalSection(ExtensibilityGlobals) = postSolution
		SolutionGuid = {E44A017B-D81D-4AC0-AA78-7A0E95D87D11}
	EndGlobalSection
EndGlobal
